// !$*UTF8*$!
{
	archiveVersion = 1;
	classes = {
	};
	objectVersion = 56;
	objects = {

/* Begin PBXBuildFile section */
		2174233A2A812FF500544B8F /* TagHelper.swift in Sources */ = {isa = PBXBuildFile; fileRef = 217423392A812FF500544B8F /* TagHelper.swift */; };
		2174233D2A81346100544B8F /* TagView.swift in Sources */ = {isa = PBXBuildFile; fileRef = 2174233C2A81346100544B8F /* TagView.swift */; };
		2174233F2A8156AE00544B8F /* NotificationHelper.swift in Sources */ = {isa = PBXBuildFile; fileRef = 2174233E2A8156AE00544B8F /* NotificationHelper.swift */; };
		217423412A8161E100544B8F /* AppDelegate.swift in Sources */ = {isa = PBXBuildFile; fileRef = 217423402A8161E100544B8F /* AppDelegate.swift */; };
		21EC3F2F2A80CF1400550510 /* UpworkAnalyzerApp.swift in Sources */ = {isa = PBXBuildFile; fileRef = 21EC3F2E2A80CF1400550510 /* UpworkAnalyzerApp.swift */; };
		21EC3F312A80CF1400550510 /* ContentView.swift in Sources */ = {isa = PBXBuildFile; fileRef = 21EC3F302A80CF1400550510 /* ContentView.swift */; };
		21EC3F332A80CF1600550510 /* Assets.xcassets in Resources */ = {isa = PBXBuildFile; fileRef = 21EC3F322A80CF1600550510 /* Assets.xcassets */; };
		21EC3F362A80CF1600550510 /* Preview Assets.xcassets in Resources */ = {isa = PBXBuildFile; fileRef = 21EC3F352A80CF1600550510 /* Preview Assets.xcassets */; };
		21EC3F3E2A80EE2300550510 /* NetworkHelper.swift in Sources */ = {isa = PBXBuildFile; fileRef = 21EC3F3D2A80EE2300550510 /* NetworkHelper.swift */; };
		21EC3F412A80EF2500550510 /* Response.swift in Sources */ = {isa = PBXBuildFile; fileRef = 21EC3F402A80EF2500550510 /* Response.swift */; };
		21EC3F442A80F36E00550510 /* UpworkJobModel.swift in Sources */ = {isa = PBXBuildFile; fileRef = 21EC3F432A80F36E00550510 /* UpworkJobModel.swift */; };
		21EC3F462A80F4A400550510 /* UpworkJobViewModel.swift in Sources */ = {isa = PBXBuildFile; fileRef = 21EC3F452A80F4A400550510 /* UpworkJobViewModel.swift */; };
/* End PBXBuildFile section */

/* Begin PBXFileReference section */
		217423392A812FF500544B8F /* TagHelper.swift */ = {isa = PBXFileReference; lastKnownFileType = sourcecode.swift; path = TagHelper.swift; sourceTree = "<group>"; };
		2174233C2A81346100544B8F /* TagView.swift */ = {isa = PBXFileReference; lastKnownFileType = sourcecode.swift; path = TagView.swift; sourceTree = "<group>"; };
		2174233E2A8156AE00544B8F /* NotificationHelper.swift */ = {isa = PBXFileReference; lastKnownFileType = sourcecode.swift; path = NotificationHelper.swift; sourceTree = "<group>"; };
		217423402A8161E100544B8F /* AppDelegate.swift */ = {isa = PBXFileReference; lastKnownFileType = sourcecode.swift; path = AppDelegate.swift; sourceTree = "<group>"; };
		217423442A81788000544B8F /* Info.plist */ = {isa = PBXFileReference; lastKnownFileType = text.plist; path = Info.plist; sourceTree = "<group>"; };
		21EC3F2B2A80CF1400550510 /* UpworkAnalyzer.app */ = {isa = PBXFileReference; explicitFileType = wrapper.application; includeInIndex = 0; path = UpworkAnalyzer.app; sourceTree = BUILT_PRODUCTS_DIR; };
		21EC3F2E2A80CF1400550510 /* UpworkAnalyzerApp.swift */ = {isa = PBXFileReference; lastKnownFileType = sourcecode.swift; path = UpworkAnalyzerApp.swift; sourceTree = "<group>"; };
		21EC3F302A80CF1400550510 /* ContentView.swift */ = {isa = PBXFileReference; lastKnownFileType = sourcecode.swift; path = ContentView.swift; sourceTree = "<group>"; };
		21EC3F322A80CF1600550510 /* Assets.xcassets */ = {isa = PBXFileReference; lastKnownFileType = folder.assetcatalog; path = Assets.xcassets; sourceTree = "<group>"; };
		21EC3F352A80CF1600550510 /* Preview Assets.xcassets */ = {isa = PBXFileReference; lastKnownFileType = folder.assetcatalog; path = "Preview Assets.xcassets"; sourceTree = "<group>"; };
		21EC3F3D2A80EE2300550510 /* NetworkHelper.swift */ = {isa = PBXFileReference; lastKnownFileType = sourcecode.swift; path = NetworkHelper.swift; sourceTree = "<group>"; };
		21EC3F402A80EF2500550510 /* Response.swift */ = {isa = PBXFileReference; lastKnownFileType = sourcecode.swift; path = Response.swift; sourceTree = "<group>"; };
		21EC3F432A80F36E00550510 /* UpworkJobModel.swift */ = {isa = PBXFileReference; lastKnownFileType = sourcecode.swift; path = UpworkJobModel.swift; sourceTree = "<group>"; };
		21EC3F452A80F4A400550510 /* UpworkJobViewModel.swift */ = {isa = PBXFileReference; lastKnownFileType = sourcecode.swift; path = UpworkJobViewModel.swift; sourceTree = "<group>"; };
/* End PBXFileReference section */

/* Begin PBXFrameworksBuildPhase section */
		21EC3F282A80CF1400550510 /* Frameworks */ = {
			isa = PBXFrameworksBuildPhase;
			buildActionMask = 2147483647;
			files = (
			);
			runOnlyForDeploymentPostprocessing = 0;
		};
/* End PBXFrameworksBuildPhase section */

/* Begin PBXGroup section */
		2174233B2A81345100544B8F /* View */ = {
			isa = PBXGroup;
			children = (
				2174233C2A81346100544B8F /* TagView.swift */,
			);
			path = View;
			sourceTree = "<group>";
		};
		21EC3F222A80CF1400550510 = {
			isa = PBXGroup;
			children = (
				21EC3F2D2A80CF1400550510 /* UpworkAnalyzer */,
				21EC3F2C2A80CF1400550510 /* Products */,
			);
			sourceTree = "<group>";
		};
		21EC3F2C2A80CF1400550510 /* Products */ = {
			isa = PBXGroup;
			children = (
				21EC3F2B2A80CF1400550510 /* UpworkAnalyzer.app */,
			);
			name = Products;
			sourceTree = "<group>";
		};
		21EC3F2D2A80CF1400550510 /* UpworkAnalyzer */ = {
			isa = PBXGroup;
			children = (
				217423442A81788000544B8F /* Info.plist */,
				2174233B2A81345100544B8F /* View */,
				21EC3F422A80F2D000550510 /* ViewModel */,
				21EC3F3F2A80EE9C00550510 /* Helpers */,
				21EC3F3C2A80ED5A00550510 /* Model */,
				21EC3F2E2A80CF1400550510 /* UpworkAnalyzerApp.swift */,
				21EC3F302A80CF1400550510 /* ContentView.swift */,
				217423402A8161E100544B8F /* AppDelegate.swift */,
				21EC3F322A80CF1600550510 /* Assets.xcassets */,
				21EC3F342A80CF1600550510 /* Preview Content */,
			);
			path = UpworkAnalyzer;
			sourceTree = "<group>";
		};
		21EC3F342A80CF1600550510 /* Preview Content */ = {
			isa = PBXGroup;
			children = (
				21EC3F352A80CF1600550510 /* Preview Assets.xcassets */,
			);
			path = "Preview Content";
			sourceTree = "<group>";
		};
		21EC3F3C2A80ED5A00550510 /* Model */ = {
			isa = PBXGroup;
			children = (
				21EC3F402A80EF2500550510 /* Response.swift */,
			);
			path = Model;
			sourceTree = "<group>";
		};
		21EC3F3F2A80EE9C00550510 /* Helpers */ = {
			isa = PBXGroup;
			children = (
				21EC3F3D2A80EE2300550510 /* NetworkHelper.swift */,
				217423392A812FF500544B8F /* TagHelper.swift */,
				2174233E2A8156AE00544B8F /* NotificationHelper.swift */,
			);
			path = Helpers;
			sourceTree = "<group>";
		};
		21EC3F422A80F2D000550510 /* ViewModel */ = {
			isa = PBXGroup;
			children = (
				21EC3F432A80F36E00550510 /* UpworkJobModel.swift */,
				21EC3F452A80F4A400550510 /* UpworkJobViewModel.swift */,
			);
			path = ViewModel;
			sourceTree = "<group>";
		};
/* End PBXGroup section */

/* Begin PBXNativeTarget section */
		21EC3F2A2A80CF1400550510 /* UpworkAnalyzer */ = {
			isa = PBXNativeTarget;
			buildConfigurationList = 21EC3F392A80CF1600550510 /* Build configuration list for PBXNativeTarget "UpworkAnalyzer" */;
			buildPhases = (
				21EC3F272A80CF1400550510 /* Sources */,
				21EC3F282A80CF1400550510 /* Frameworks */,
				21EC3F292A80CF1400550510 /* Resources */,
			);
			buildRules = (
			);
			dependencies = (
			);
			name = UpworkAnalyzer;
			productName = UpworkAnalyzer;
			productReference = 21EC3F2B2A80CF1400550510 /* UpworkAnalyzer.app */;
			productType = "com.apple.product-type.application";
		};
/* End PBXNativeTarget section */

/* Begin PBXProject section */
		21EC3F232A80CF1400550510 /* Project object */ = {
			isa = PBXProject;
			attributes = {
				BuildIndependentTargetsInParallel = 1;
				LastSwiftUpdateCheck = 1430;
				LastUpgradeCheck = 1430;
				TargetAttributes = {
					21EC3F2A2A80CF1400550510 = {
						CreatedOnToolsVersion = 14.3.1;
					};
				};
			};
			buildConfigurationList = 21EC3F262A80CF1400550510 /* Build configuration list for PBXProject "UpworkAnalyzer" */;
			compatibilityVersion = "Xcode 14.0";
			developmentRegion = en;
			hasScannedForEncodings = 0;
			knownRegions = (
				en,
				Base,
			);
			mainGroup = 21EC3F222A80CF1400550510;
			productRefGroup = 21EC3F2C2A80CF1400550510 /* Products */;
			projectDirPath = "";
			projectRoot = "";
			targets = (
				21EC3F2A2A80CF1400550510 /* UpworkAnalyzer */,
			);
		};
/* End PBXProject section */

/* Begin PBXResourcesBuildPhase section */
		21EC3F292A80CF1400550510 /* Resources */ = {
			isa = PBXResourcesBuildPhase;
			buildActionMask = 2147483647;
			files = (
				21EC3F362A80CF1600550510 /* Preview Assets.xcassets in Resources */,
				21EC3F332A80CF1600550510 /* Assets.xcassets in Resources */,
			);
			runOnlyForDeploymentPostprocessing = 0;
		};
/* End PBXResourcesBuildPhase section */

/* Begin PBXSourcesBuildPhase section */
		21EC3F272A80CF1400550510 /* Sources */ = {
			isa = PBXSourcesBuildPhase;
			buildActionMask = 2147483647;
			files = (
				21EC3F462A80F4A400550510 /* UpworkJobViewModel.swift in Sources */,
				21EC3F3E2A80EE2300550510 /* NetworkHelper.swift in Sources */,
				21EC3F412A80EF2500550510 /* Response.swift in Sources */,
				2174233F2A8156AE00544B8F /* NotificationHelper.swift in Sources */,
				21EC3F312A80CF1400550510 /* ContentView.swift in Sources */,
				21EC3F2F2A80CF1400550510 /* UpworkAnalyzerApp.swift in Sources */,
				2174233A2A812FF500544B8F /* TagHelper.swift in Sources */,
				21EC3F442A80F36E00550510 /* UpworkJobModel.swift in Sources */,
				217423412A8161E100544B8F /* AppDelegate.swift in Sources */,
				2174233D2A81346100544B8F /* TagView.swift in Sources */,
			);
			runOnlyForDeploymentPostprocessing = 0;
		};
/* End PBXSourcesBuildPhase section */

/* Begin XCBuildConfiguration section */
		21EC3F372A80CF1600550510 /* Debug */ = {
			isa = XCBuildConfiguration;
			buildSettings = {
				ALWAYS_SEARCH_USER_PATHS = NO;
				CLANG_ANALYZER_NONNULL = YES;
				CLANG_ANALYZER_NUMBER_OBJECT_CONVERSION = YES_AGGRESSIVE;
				CLANG_CXX_LANGUAGE_STANDARD = "gnu++20";
				CLANG_ENABLE_MODULES = YES;
				CLANG_ENABLE_OBJC_ARC = YES;
				CLANG_ENABLE_OBJC_WEAK = YES;
				CLANG_WARN_BLOCK_CAPTURE_AUTORELEASING = YES;
				CLANG_WARN_BOOL_CONVERSION = YES;
				CLANG_WARN_COMMA = YES;
				CLANG_WARN_CONSTANT_CONVERSION = YES;
				CLANG_WARN_DEPRECATED_OBJC_IMPLEMENTATIONS = YES;
				CLANG_WARN_DIRECT_OBJC_ISA_USAGE = YES_ERROR;
				CLANG_WARN_DOCUMENTATION_COMMENTS = YES;
				CLANG_WARN_EMPTY_BODY = YES;
				CLANG_WARN_ENUM_CONVERSION = YES;
				CLANG_WARN_INFINITE_RECURSION = YES;
				CLANG_WARN_INT_CONVERSION = YES;
				CLANG_WARN_NON_LITERAL_NULL_CONVERSION = YES;
				CLANG_WARN_OBJC_IMPLICIT_RETAIN_SELF = YES;
				CLANG_WARN_OBJC_LITERAL_CONVERSION = YES;
				CLANG_WARN_OBJC_ROOT_CLASS = YES_ERROR;
				CLANG_WARN_QUOTED_INCLUDE_IN_FRAMEWORK_HEADER = YES;
				CLANG_WARN_RANGE_LOOP_ANALYSIS = YES;
				CLANG_WARN_STRICT_PROTOTYPES = YES;
				CLANG_WARN_SUSPICIOUS_MOVE = YES;
				CLANG_WARN_UNGUARDED_AVAILABILITY = YES_AGGRESSIVE;
				CLANG_WARN_UNREACHABLE_CODE = YES;
				CLANG_WARN__DUPLICATE_METHOD_MATCH = YES;
				COPY_PHASE_STRIP = NO;
				DEBUG_INFORMATION_FORMAT = dwarf;
				ENABLE_STRICT_OBJC_MSGSEND = YES;
				ENABLE_TESTABILITY = YES;
				GCC_C_LANGUAGE_STANDARD = gnu11;
				GCC_DYNAMIC_NO_PIC = NO;
				GCC_NO_COMMON_BLOCKS = YES;
				GCC_OPTIMIZATION_LEVEL = 0;
				GCC_PREPROCESSOR_DEFINITIONS = (
					"DEBUG=1",
					"$(inherited)",
				);
				GCC_WARN_64_TO_32_BIT_CONVERSION = YES;
				GCC_WARN_ABOUT_RETURN_TYPE = YES_ERROR;
				GCC_WARN_UNDECLARED_SELECTOR = YES;
				GCC_WARN_UNINITIALIZED_AUTOS = YES_AGGRESSIVE;
				GCC_WARN_UNUSED_FUNCTION = YES;
				GCC_WARN_UNUSED_VARIABLE = YES;
				IPHONEOS_DEPLOYMENT_TARGET = 16.4;
				MTL_ENABLE_DEBUG_INFO = INCLUDE_SOURCE;
				MTL_FAST_MATH = YES;
				ONLY_ACTIVE_ARCH = YES;
				SDKROOT = iphoneos;
				SWIFT_ACTIVE_COMPILATION_CONDITIONS = DEBUG;
				SWIFT_OPTIMIZATION_LEVEL = "-Onone";
			};
			name = Debug;
		};
		21EC3F382A80CF1600550510 /* Release */ = {
			isa = XCBuildConfiguration;
			buildSettings = {
				ALWAYS_SEARCH_USER_PATHS = NO;
				CLANG_ANALYZER_NONNULL = YES;
				CLANG_ANALYZER_NUMBER_OBJECT_CONVERSION = YES_AGGRESSIVE;
				CLANG_CXX_LANGUAGE_STANDARD = "gnu++20";
				CLANG_ENABLE_MODULES = YES;
				CLANG_ENABLE_OBJC_ARC = YES;
				CLANG_ENABLE_OBJC_WEAK = YES;
				CLANG_WARN_BLOCK_CAPTURE_AUTORELEASING = YES;
				CLANG_WARN_BOOL_CONVERSION = YES;
				CLANG_WARN_COMMA = YES;
				CLANG_WARN_CONSTANT_CONVERSION = YES;
				CLANG_WARN_DEPRECATED_OBJC_IMPLEMENTATIONS = YES;
				CLANG_WARN_DIRECT_OBJC_ISA_USAGE = YES_ERROR;
				CLANG_WARN_DOCUMENTATION_COMMENTS = YES;
				CLANG_WARN_EMPTY_BODY = YES;
				CLANG_WARN_ENUM_CONVERSION = YES;
				CLANG_WARN_INFINITE_RECURSION = YES;
				CLANG_WARN_INT_CONVERSION = YES;
				CLANG_WARN_NON_LITERAL_NULL_CONVERSION = YES;
				CLANG_WARN_OBJC_IMPLICIT_RETAIN_SELF = YES;
				CLANG_WARN_OBJC_LITERAL_CONVERSION = YES;
				CLANG_WARN_OBJC_ROOT_CLASS = YES_ERROR;
				CLANG_WARN_QUOTED_INCLUDE_IN_FRAMEWORK_HEADER = YES;
				CLANG_WARN_RANGE_LOOP_ANALYSIS = YES;
				CLANG_WARN_STRICT_PROTOTYPES = YES;
				CLANG_WARN_SUSPICIOUS_MOVE = YES;
				CLANG_WARN_UNGUARDED_AVAILABILITY = YES_AGGRESSIVE;
				CLANG_WARN_UNREACHABLE_CODE = YES;
				CLANG_WARN__DUPLICATE_METHOD_MATCH = YES;
				COPY_PHASE_STRIP = NO;
				DEBUG_INFORMATION_FORMAT = "dwarf-with-dsym";
				ENABLE_NS_ASSERTIONS = NO;
				ENABLE_STRICT_OBJC_MSGSEND = YES;
				GCC_C_LANGUAGE_STANDARD = gnu11;
				GCC_NO_COMMON_BLOCKS = YES;
				GCC_WARN_64_TO_32_BIT_CONVERSION = YES;
				GCC_WARN_ABOUT_RETURN_TYPE = YES_ERROR;
				GCC_WARN_UNDECLARED_SELECTOR = YES;
				GCC_WARN_UNINITIALIZED_AUTOS = YES_AGGRESSIVE;
				GCC_WARN_UNUSED_FUNCTION = YES;
				GCC_WARN_UNUSED_VARIABLE = YES;
				IPHONEOS_DEPLOYMENT_TARGET = 16.4;
				MTL_ENABLE_DEBUG_INFO = NO;
				MTL_FAST_MATH = YES;
				SDKROOT = iphoneos;
				SWIFT_COMPILATION_MODE = wholemodule;
				SWIFT_OPTIMIZATION_LEVEL = "-O";
				VALIDATE_PRODUCT = YES;
			};
			name = Release;
		};
		21EC3F3A2A80CF1600550510 /* Debug */ = {
			isa = XCBuildConfiguration;
			buildSettings = {
				ASSETCATALOG_COMPILER_APPICON_NAME = AppIcon;
				ASSETCATALOG_COMPILER_GLOBAL_ACCENT_COLOR_NAME = AccentColor;
				CODE_SIGN_STYLE = Automatic;
				CURRENT_PROJECT_VERSION = 1;
				DEVELOPMENT_ASSET_PATHS = "\"UpworkAnalyzer/Preview Content\"";
				DEVELOPMENT_TEAM = 43228J28UR;
				ENABLE_PREVIEWS = YES;
				GENERATE_INFOPLIST_FILE = YES;
				INFOPLIST_FILE = UpworkAnalyzer/Info.plist;
				INFOPLIST_KEY_UIApplicationSceneManifest_Generation = YES;
				INFOPLIST_KEY_UIApplicationSupportsIndirectInputEvents = YES;
				INFOPLIST_KEY_UILaunchScreen_Generation = YES;
				INFOPLIST_KEY_UISupportedInterfaceOrientations_iPad = "UIInterfaceOrientationPortrait UIInterfaceOrientationPortraitUpsideDown UIInterfaceOrientationLandscapeLeft UIInterfaceOrientationLandscapeRight";
				INFOPLIST_KEY_UISupportedInterfaceOrientations_iPhone = "UIInterfaceOrientationPortrait UIInterfaceOrientationLandscapeLeft UIInterfaceOrientationLandscapeRight";
				LD_RUNPATH_SEARCH_PATHS = (
					"$(inherited)",
					"@executable_path/Frameworks",
				);
				MARKETING_VERSION = 1.0;
				PRODUCT_BUNDLE_IDENTIFIER = creative.UpworkAnalyzer;
				PRODUCT_NAME = "$(TARGET_NAME)";
				SWIFT_EMIT_LOC_STRINGS = YES;
				SWIFT_VERSION = 5.0;
				TARGETED_DEVICE_FAMILY = "1,2";
			};
			name = Debug;
		};
		21EC3F3B2A80CF1600550510 /* Release */ = {
			isa = XCBuildConfiguration;
			buildSettings = {
				ASSETCATALOG_COMPILER_APPICON_NAME = AppIcon;
				ASSETCATALOG_COMPILER_GLOBAL_ACCENT_COLOR_NAME = AccentColor;
				CODE_SIGN_STYLE = Automatic;
				CURRENT_PROJECT_VERSION = 1;
				DEVELOPMENT_ASSET_PATHS = "\"UpworkAnalyzer/Preview Content\"";
				DEVELOPMENT_TEAM = 43228J28UR;
				ENABLE_PREVIEWS = YES;
				GENERATE_INFOPLIST_FILE = YES;
				INFOPLIST_FILE = UpworkAnalyzer/Info.plist;
				INFOPLIST_KEY_UIApplicationSceneManifest_Generation = YES;
				INFOPLIST_KEY_UIApplicationSupportsIndirectInputEvents = YES;
				INFOPLIST_KEY_UILaunchScreen_Generation = YES;
				INFOPLIST_KEY_UISupportedInterfaceOrientations_iPad = "UIInterfaceOrientationPortrait UIInterfaceOrientationPortraitUpsideDown UIInterfaceOrientationLandscapeLeft UIInterfaceOrientationLandscapeRight";
				INFOPLIST_KEY_UISupportedInterfaceOrientations_iPhone = "UIInterfaceOrientationPortrait UIInterfaceOrientationLandscapeLeft UIInterfaceOrientationLandscapeRight";
				LD_RUNPATH_SEARCH_PATHS = (
					"$(inherited)",
					"@executable_path/Frameworks",
				);
				MARKETING_VERSION = 1.0;
				PRODUCT_BUNDLE_IDENTIFIER = creative.UpworkAnalyzer;
				PRODUCT_NAME = "$(TARGET_NAME)";
				SWIFT_EMIT_LOC_STRINGS = YES;
				SWIFT_VERSION = 5.0;
				TARGETED_DEVICE_FAMILY = "1,2";
			};
			name = Release;
		};
/* End XCBuildConfiguration section */

/* Begin XCConfigurationList section */
		21EC3F262A80CF1400550510 /* Build configuration list for PBXProject "UpworkAnalyzer" */ = {
			isa = XCConfigurationList;
			buildConfigurations = (
				21EC3F372A80CF1600550510 /* Debug */,
				21EC3F382A80CF1600550510 /* Release */,
			);
			defaultConfigurationIsVisible = 0;
			defaultConfigurationName = Release;
		};
		21EC3F392A80CF1600550510 /* Build configuration list for PBXNativeTarget "UpworkAnalyzer" */ = {
			isa = XCConfigurationList;
			buildConfigurations = (
				21EC3F3A2A80CF1600550510 /* Debug */,
				21EC3F3B2A80CF1600550510 /* Release */,
			);
			defaultConfigurationIsVisible = 0;
			defaultConfigurationName = Release;
		};
/* End XCConfigurationList section */
	};
	rootObject = 21EC3F232A80CF1400550510 /* Project object */;
}
